dependencies:
  espressif/cmake_utilities:
    component_hash: 05165f30922b422b4b90c08845e6d449329b97370fbd06309803d8cb539d79e3
    dependencies:
    - name: idf
      require: private
      version: '>=4.1'
    source:
      registry_url: https://components.espressif.com
      type: service
    version: 1.1.1
  espressif/dl_fft:
    component_hash: ced3cf28cc70452b7859c06f4e5059215167254a2047e34c893d6f501ccd6ea2
    dependencies:
    - name: idf
      require: private
      version: '>=5.0'
    source:
      registry_url: https://components.espressif.com
      type: service
    version: 0.4.0
  espressif/esp-dsp:
    component_hash: 619639efc18cfa361a9e423739b9b0ffc14991effc6c027f955c2f2c3bf1754b
    dependencies:
    - name: idf
      require: private
      version: '>=4.2'
    source:
      registry_url: https://components.espressif.com
      type: service
    version: 1.6.0
  espressif/esp-sr:
    component_hash: 12733d9b4aef5d5e295f35c4671835d605992d00583fcd2f8d21166f62c6b071
    dependencies:
    - name: espressif/dl_fft
      registry_url: https://components.espressif.com
      require: private
      version: '>=0.2.0'
    - name: espressif/esp-dsp
      registry_url: https://components.espressif.com
      require: private
      version: 1.6.0
    - name: idf
      require: private
      version: '>=5.0'
    source:
      registry_url: https://components.espressif.com
      type: service
    version: 2.1.5
  espressif/esp_audio_codec:
    component_hash: af4663830bc73eca58febcc34a976d003465e78ed57458aa00a14b231e392ca1
    dependencies:
    - name: idf
      require: private
      version: '>=4.4'
    source:
      registry_url: https://components.espressif.com
      type: service
    version: 2.4.1
  espressif/esp_audio_effects:
    component_hash: 8fa2bf7356a3c7fb9a9c7d2185aba474fa033b0506886c70752f67c42cd81b3f
    dependencies: []
    source:
      registry_url: https://components.espressif.com
      type: service
    version: 1.2.1
  espressif/esp_audio_render:
    component_hash: 736370066b7584a7532ac2a3fa747f7fcbda21c1d4d5fd320b1f85ceaf1d2a42
    dependencies:
    - name: espressif/gmf_audio
      registry_url: https://components.espressif.com
      require: private
      version: ^0.8
    source:
      registry_url: https://components.espressif.com/
      type: service
    version: 0.8.0
  espressif/esp_codec_dev:
    component_hash: 54870f7a66dd93367b4153dedb22299efadf8b7b2ead322cdebc7c92a542fa35
    dependencies:
    - name: idf
      require: private
      version: '>=4.0'
    source:
      registry_url: https://components.espressif.com/
      type: service
    version: 1.5.7
  espressif/esp_image_effects:
    component_hash: a35037db02862d3cef6f72c25f422ae62da6e6c88219ce03c9ea24e0315ceaaa
    dependencies:
    - name: idf
      require: private
      version: '>=5.0'
    source:
      registry_url: https://components.espressif.com/
      type: service
    version: 1.0.1
  espressif/esp_tinyusb:
    component_hash: 5e37c53a10518f40b288a48afec4ab549784be9e6eb74add699a30395543418a
    dependencies:
    - name: idf
      require: private
      version: '>=5.0'
    - name: espressif/tinyusb
      registry_url: https://components.espressif.com
      require: public
      version: 0.*
    source:
      registry_url: https://components.espressif.com/
      type: service
    targets:
    - esp32s2
    - esp32s3
    version: 1.0.3
  espressif/gmf_ai_audio:
    component_hash: 6a247b2169a25af9b1b16d2122cef9da889cafeeebbecd3c44b66f14f2ab3fb1
    dependencies:
    - name: espressif/esp-sr
      registry_url: https://components.espressif.com
      require: private
      version: 2.1.5
    - name: espressif/gmf_core
      registry_url: https://components.espressif.com
      require: private
      version: ^0.8
    source:
      registry_url: https://components.espressif.com/
      type: service
    version: 0.8.0
  espressif/gmf_audio:
    component_hash: 5eb0d8357272516c74459b06a42188a3cceb3b6f87e821632d37135ab860a5a4
    dependencies:
    - name: espressif/esp_audio_codec
      registry_url: https://components.espressif.com
      require: private
      version: ~2.4
    - name: espressif/esp_audio_effects
      registry_url: https://components.espressif.com
      require: private
      version: ~1.2
    - name: espressif/gmf_core
      registry_url: https://components.espressif.com
      require: private
      version: ^0.8
    source:
      registry_url: https://components.espressif.com/
      type: service
    version: 0.8.0
  espressif/gmf_core:
    component_hash: 6e11017fc41cdb19a8035e334c9e9caced803d67547fb0e60f69cba5fd735f6a
    dependencies: []
    source:
      registry_url: https://components.espressif.com
      type: service
    version: 0.8.4
  espressif/gmf_io:
    component_hash: ac185ae5bb5f4dc777a361fa45f73c96fdebd315905a8e8a3bc8067c80452887
    dependencies:
    - name: espressif/esp_codec_dev
      registry_url: https://components.espressif.com
      require: private
      version: ^1.4
    - name: espressif/gmf_core
      registry_url: https://components.espressif.com
      require: private
      version: ^0.8
    source:
      registry_url: https://components.espressif.com/
      type: service
    version: 0.8.0
  espressif/iot_eth:
    component_hash: 2375af94aa38438e1411a8158ceda74e89170aa5b5b502371acdef4151be2a05
    dependencies:
    - name: espressif/cmake_utilities
      registry_url: https://components.espressif.com
      require: private
      version: '*'
    - name: idf
      require: private
      version: '>=4.4'
    source:
      registry_url: https://components.espressif.com
      type: service
    version: 1.0.0
  espressif/iot_usbh_cdc:
    component_hash: 6b30e8eeef1a3320a3bc0c27980c62826ed134b681be6f424366f3d78c291814
    dependencies:
    - name: idf
      require: private
      version: '>=5.1'
    - name: espressif/cmake_utilities
      registry_url: https://components.espressif.com
      require: private
      version: '*'
    source:
      registry_url: https://components.espressif.com
      type: service
    targets:
    - esp32s2
    - esp32s3
    - esp32p4
    version: 3.0.0
  espressif/iot_usbh_rndis:
    component_hash: 0d91d9c79980fe0d2b59ecae9341d91852b7eb3356cc0e708f76425a3604ff5b
    dependencies:
    - name: espressif/cmake_utilities
      registry_url: https://components.espressif.com
      require: private
      version: '*'
    - name: espressif/iot_eth
      registry_url: https://components.espressif.com
      require: public
      version: '*'
    - name: espressif/iot_usbh_cdc
      registry_url: https://components.espressif.com
      require: public
      version: ^3.0
    - name: idf
      require: private
      version: '>=5.2'
    source:
      registry_url: https://components.espressif.com/
      type: service
    targets:
    - esp32s2
    - esp32s3
    - esp32p4
    version: 0.3.1
  espressif/mdns:
    component_hash: 46ee81d32fbf850462d8af1e83303389602f6a6a9eddd2a55104cb4c063858ed
    dependencies:
    - name: idf
      require: private
      version: '>=5.0'
    source:
      registry_url: https://components.espressif.com/
      type: service
    version: 1.1.0
  espressif/tinyusb:
    component_hash: a40b7f67df6ac254a4afd96c6401cc56f2059ae747d6d7e66b568bca53ad0edc
    dependencies:
    - name: idf
      require: private
      version: '>=5.0'
    source:
      registry_url: https://components.espressif.com
      type: service
    targets:
    - esp32s2
    - esp32s3
    - esp32p4
    - esp32h4
    - esp32s31
    version: 0.19.0~3
  idf:
    source:
      type: idf
    version: 5.4.2
direct_dependencies:
- espressif/esp_audio_render
- espressif/esp_codec_dev
- espressif/esp_image_effects
- espressif/esp_tinyusb
- espressif/gmf_ai_audio
- espressif/gmf_audio
- espressif/gmf_io
- espressif/iot_usbh_rndis
- espressif/mdns
- idf
manifest_hash: aa3cd7662c154fc09b15311091f3173e0bf4132a46cef7968df4a5a1cecda6b1
target: esp32s3
version: 2.0.0
